
Microsoft Visual Studio Solution File, Format Version 12.00
# Visual Studio Version 17
VisualStudioVersion = 17.8.34322.80
MinimumVisualStudioVersion = 10.0.40219.1
Project("{FAE04EC0-301F-11D3-BF4B-00C04F79EFBC}") = "luyenlan2", "luyenlan2\luyenlan2.csproj", "{1F85B4A8-3170-4774-8225-3470DF0FD5DD}"
EndProject
Global
	GlobalSection(SolutionConfigurationPlatforms) = preSolution
		Debug|Any CPU = Debug|Any CPU
		Release|Any CPU = Release|Any CPU
	EndGlobalSection
	GlobalSection(ProjectConfigurationPlatforms) = postSolution
		{1F85B4A8-3170-4774-8225-3470DF0FD5DD}.Debug|Any CPU.ActiveCfg = Debug|Any CPU
		{1F85B4A8-3170-4774-8225-3470DF0FD5DD}.Debug|Any CPU.Build.0 = Debug|Any CPU
		{1F85B4A8-3170-4774-8225-3470DF0FD5DD}.Release|Any CPU.ActiveCfg = Release|Any CPU
		{1F85B4A8-3170-4774-8225-3470DF0FD5DD}.Release|Any CPU.Build.0 = Release|Any CPU
	EndGlobalSection
	GlobalSection(SolutionProperties) = preSolution
		HideSolutionNode = FALSE
	EndGlobalSection
	GlobalSection(ExtensibilityGlobals) = postSolution
		SolutionGuid = {ABC5B432-2D07-473A-99C0-6E14F973487D}
	EndGlobalSection
EndGlobal
