
Microsoft Visual Studio Solution File, Format Version 12.00
# Visual Studio Version 17
VisualStudioVersion = 17.8.34322.80
MinimumVisualStudioVersion = 10.0.40219.1
Project("{FAE04EC0-301F-11D3-BF4B-00C04F79EFBC}") = "luyendoanhnghiep", "luyendoanhnghiep\luyendoanhnghiep.csproj", "{761A0F6F-2427-4E75-A886-2E892878AB2F}"
EndProject
Global
	GlobalSection(SolutionConfigurationPlatforms) = preSolution
		Debug|Any CPU = Debug|Any CPU
		Release|Any CPU = Release|Any CPU
	EndGlobalSection
	GlobalSection(ProjectConfigurationPlatforms) = postSolution
		{761A0F6F-2427-4E75-A886-2E892878AB2F}.Debug|Any CPU.ActiveCfg = Debug|Any CPU
		{761A0F6F-2427-4E75-A886-2E892878AB2F}.Debug|Any CPU.Build.0 = Debug|Any CPU
		{761A0F6F-2427-4E75-A886-2E892878AB2F}.Release|Any CPU.ActiveCfg = Release|Any CPU
		{761A0F6F-2427-4E75-A886-2E892878AB2F}.Release|Any CPU.Build.0 = Release|Any CPU
	EndGlobalSection
	GlobalSection(SolutionProperties) = preSolution
		HideSolutionNode = FALSE
	EndGlobalSection
	GlobalSection(ExtensibilityGlobals) = postSolution
		SolutionGuid = {D5BEF52F-9760-41EB-8D00-72CD9176B667}
	EndGlobalSection
EndGlobal
